
Microsoft Visual Studio Solution File, Format Version 12.00
# Visual Studio Version 16
VisualStudioVersion = 16.0.29326.143
MinimumVisualStudioVersion = 15.0.26124.0
Project("{9A19103F-16F7-4668-BE54-9A1E7A4F7556}") = "Microservice.WebApi", "Microservice.WebApi\Microservice.WebApi.csproj", "{013718EB-1354-488A-80D1-3D03EF3399F3}"
EndProject
Project("{9A19103F-16F7-4668-BE54-9A1E7A4F7556}") = "Microservice.Tests", "Microservice.Tests\Microservice.Tests.csproj", "{0F550C1E-711F-4387-ADC8-8BD35083725A}"
EndProject
Global
	GlobalSection(SolutionConfigurationPlatforms) = preSolution
		Debug|Any CPU = Debug|Any CPU
		Debug|x64 = Debug|x64
		Debug|x86 = Debug|x86
		Release|Any CPU = Release|Any CPU
		Release|x64 = Release|x64
		Release|x86 = Release|x86
	EndGlobalSection
	GlobalSection(ProjectConfigurationPlatforms) = postSolution
		{013718EB-1354-488A-80D1-3D03EF3399F3}.Debug|Any CPU.ActiveCfg = Debug|Any CPU
		{013718EB-1354-488A-80D1-3D03EF3399F3}.Debug|Any CPU.Build.0 = Debug|Any CPU
		{013718EB-1354-488A-80D1-3D03EF3399F3}.Debug|x64.ActiveCfg = Debug|Any CPU
		{013718EB-1354-488A-80D1-3D03EF3399F3}.Debug|x64.Build.0 = Debug|Any CPU
		{013718EB-1354-488A-80D1-3D03EF3399F3}.Debug|x86.ActiveCfg = Debug|Any CPU
		{013718EB-1354-488A-80D1-3D03EF3399F3}.Debug|x86.Build.0 = Debug|Any CPU
		{013718EB-1354-488A-80D1-3D03EF3399F3}.Release|Any CPU.ActiveCfg = Release|Any CPU
		{013718EB-1354-488A-80D1-3D03EF3399F3}.Release|Any CPU.Build.0 = Release|Any CPU
		{013718EB-1354-488A-80D1-3D03EF3399F3}.Release|x64.ActiveCfg = Release|Any CPU
		{013718EB-1354-488A-80D1-3D03EF3399F3}.Release|x64.Build.0 = Release|Any CPU
		{013718EB-1354-488A-80D1-3D03EF3399F3}.Release|x86.ActiveCfg = Release|Any CPU
		{013718EB-1354-488A-80D1-3D03EF3399F3}.Release|x86.Build.0 = Release|Any CPU
		{0F550C1E-711F-4387-ADC8-8BD35083725A}.Debug|Any CPU.ActiveCfg = Debug|Any CPU
		{0F550C1E-711F-4387-ADC8-8BD35083725A}.Debug|Any CPU.Build.0 = Debug|Any CPU
		{0F550C1E-711F-4387-ADC8-8BD35083725A}.Debug|x64.ActiveCfg = Debug|Any CPU
		{0F550C1E-711F-4387-ADC8-8BD35083725A}.Debug|x64.Build.0 = Debug|Any CPU
		{0F550C1E-711F-4387-ADC8-8BD35083725A}.Debug|x86.ActiveCfg = Debug|Any CPU
		{0F550C1E-711F-4387-ADC8-8BD35083725A}.Debug|x86.Build.0 = Debug|Any CPU
		{0F550C1E-711F-4387-ADC8-8BD35083725A}.Release|Any CPU.ActiveCfg = Release|Any CPU
		{0F550C1E-711F-4387-ADC8-8BD35083725A}.Release|Any CPU.Build.0 = Release|Any CPU
		{0F550C1E-711F-4387-ADC8-8BD35083725A}.Release|x64.ActiveCfg = Release|Any CPU
		{0F550C1E-711F-4387-ADC8-8BD35083725A}.Release|x64.Build.0 = Release|Any CPU
		{0F550C1E-711F-4387-ADC8-8BD35083725A}.Release|x86.ActiveCfg = Release|Any CPU
		{0F550C1E-711F-4387-ADC8-8BD35083725A}.Release|x86.Build.0 = Release|Any CPU
	EndGlobalSection
	GlobalSection(SolutionProperties) = preSolution
		HideSolutionNode = FALSE
	EndGlobalSection
	GlobalSection(ExtensibilityGlobals) = postSolution
		SolutionGuid = {50895BA0-3C0E-4FC7-A551-3304694B426A}
	EndGlobalSection
EndGlobal
